Microsoft Visual Studio Solution File, Format Version 12.00
# Visual Studio Version 17
VisualStudioVersion = 17.5.2.0
MinimumVisualStudioVersion = 10.0.40219.1
Project("{FAE04EC0-301F-11D3-BF4B-00C04F79EFBC}") = "SlotAd-Globe", "SlotAd-Globe.csproj", "{599A16D3-2CF5-7268-14EC-5BC43D90CAA3}"
EndProject
Global
	GlobalSection(SolutionConfigurationPlatforms) = preSolution
		Debug|Any CPU = Debug|Any CPU
		Release|Any CPU = Release|Any CPU
	EndGlobalSection
	GlobalSection(ProjectConfigurationPlatforms) = postSolution
		{599A16D3-2CF5-7268-14EC-5BC43D90CAA3}.Debug|Any CPU.ActiveCfg = Debug|Any CPU
		{599A16D3-2CF5-7268-14EC-5BC43D90CAA3}.Debug|Any CPU.Build.0 = Debug|Any CPU
		{599A16D3-2CF5-7268-14EC-5BC43D90CAA3}.Release|Any CPU.ActiveCfg = Release|Any CPU
		{599A16D3-2CF5-7268-14EC-5BC43D90CAA3}.Release|Any CPU.Build.0 = Release|Any CPU
	EndGlobalSection
	GlobalSection(SolutionProperties) = preSolution
		HideSolutionNode = FALSE
	EndGlobalSection
	GlobalSection(ExtensibilityGlobals) = postSolution
		SolutionGuid = {F2DA2AD1-2417-48D2-807A-AD08E15BAE3A}
	EndGlobalSection
EndGlobal
